
Microsoft Visual Studio Solution File, Format Version 12.00
# Visual Studio 14
VisualStudioVersion = 14.0.25420.1
MinimumVisualStudioVersion = 10.0.40219.1
Project("{FAE04EC0-301F-11D3-BF4B-00C04F79EFBC}") = "SetTheoryCompiler", "SetTheoryCompiler\SetTheoryCompiler.csproj", "{B457913F-5358-4CE0-9967-81FB0A54E574}"
EndProject
Project("{FAE04EC0-301F-11D3-BF4B-00C04F79EFBC}") = "SetTheoryCompilerTests", "SetTheoryCompilerTests\SetTheoryCompilerTests.csproj", "{60C3010E-C08E-4A54-93BC-C346EE877CA7}"
EndProject
Global
	GlobalSection(SolutionConfigurationPlatforms) = preSolution
		Debug|Any CPU = Debug|Any CPU
		Release|Any CPU = Release|Any CPU
	EndGlobalSection
	GlobalSection(ProjectConfigurationPlatforms) = postSolution
		{B457913F-5358-4CE0-9967-81FB0A54E574}.Debug|Any CPU.ActiveCfg = Debug|Any CPU
		{B457913F-5358-4CE0-9967-81FB0A54E574}.Debug|Any CPU.Build.0 = Debug|Any CPU
		{B457913F-5358-4CE0-9967-81FB0A54E574}.Release|Any CPU.ActiveCfg = Release|Any CPU
		{B457913F-5358-4CE0-9967-81FB0A54E574}.Release|Any CPU.Build.0 = Release|Any CPU
		{60C3010E-C08E-4A54-93BC-C346EE877CA7}.Debug|Any CPU.ActiveCfg = Debug|Any CPU
		{60C3010E-C08E-4A54-93BC-C346EE877CA7}.Debug|Any CPU.Build.0 = Debug|Any CPU
		{60C3010E-C08E-4A54-93BC-C346EE877CA7}.Release|Any CPU.ActiveCfg = Release|Any CPU
		{60C3010E-C08E-4A54-93BC-C346EE877CA7}.Release|Any CPU.Build.0 = Release|Any CPU
	EndGlobalSection
	GlobalSection(SolutionProperties) = preSolution
		HideSolutionNode = FALSE
	EndGlobalSection
EndGlobal
